
Microsoft Visual Studio Solution File, Format Version 12.00
# Visual Studio Version 17
VisualStudioVersion = 17.12.35707.178 d17.12
MinimumVisualStudioVersion = 10.0.40219.1
Project("{FAE04EC0-301F-11D3-BF4B-00C04F79EFBC}") = "OllamaSharpSoloDemo", "OllamaSharpSoloDemo\OllamaSharpSoloDemo.csproj", "{E059D068-4C63-4183-9669-B8DF97DBC3AA}"
EndProject
Global
	GlobalSection(SolutionConfigurationPlatforms) = preSolution
		Debug|Any CPU = Debug|Any CPU
		Release|Any CPU = Release|Any CPU
	EndGlobalSection
	GlobalSection(ProjectConfigurationPlatforms) = postSolution
		{E059D068-4C63-4183-9669-B8DF97DBC3AA}.Debug|Any CPU.ActiveCfg = Debug|Any CPU
		{E059D068-4C63-4183-9669-B8DF97DBC3AA}.Debug|Any CPU.Build.0 = Debug|Any CPU
		{E059D068-4C63-4183-9669-B8DF97DBC3AA}.Release|Any CPU.ActiveCfg = Release|Any CPU
		{E059D068-4C63-4183-9669-B8DF97DBC3AA}.Release|Any CPU.Build.0 = Release|Any CPU
	EndGlobalSection
	GlobalSection(SolutionProperties) = preSolution
		HideSolutionNode = FALSE
	EndGlobalSection
EndGlobal
